
Microsoft Visual Studio Solution File, Format Version 12.00
Project("{FAE04EC0-301F-11D3-BF4B-00C04F79EFBC}") = "ServiceInsight.Web", "ServiceInsight.Web\ServiceInsight.Web.csproj", "{09F11D41-64EF-45DA-BC57-38B1CD7C22C6}"
EndProject
Global
	GlobalSection(SolutionConfigurationPlatforms) = preSolution
		Debug|Any CPU = Debug|Any CPU
		Release|Any CPU = Release|Any CPU
	EndGlobalSection
	GlobalSection(ProjectConfigurationPlatforms) = postSolution
		{09F11D41-64EF-45DA-BC57-38B1CD7C22C6}.Debug|Any CPU.ActiveCfg = Debug|Any CPU
		{09F11D41-64EF-45DA-BC57-38B1CD7C22C6}.Debug|Any CPU.Build.0 = Debug|Any CPU
		{09F11D41-64EF-45DA-BC57-38B1CD7C22C6}.Release|Any CPU.ActiveCfg = Release|Any CPU
		{09F11D41-64EF-45DA-BC57-38B1CD7C22C6}.Release|Any CPU.Build.0 = Release|Any CPU
	EndGlobalSection
EndGlobal
